
Microsoft Visual Studio Solution File, Format Version 12.00
# Visual Studio Version 17
VisualStudioVersion = 17.10.35013.160
MinimumVisualStudioVersion = 10.0.40219.1
Project("{FAE04EC0-301F-11D3-BF4B-00C04F79EFBC}") = "StocksApp ASP.Net", "StocksApp ASP.Net\StocksApp ASP.Net.csproj", "{B5FA7D18-26C6-41F0-B415-4F31E33C2197}"
EndProject
Global
	GlobalSection(SolutionConfigurationPlatforms) = preSolution
		Debug|Any CPU = Debug|Any CPU
		Release|Any CPU = Release|Any CPU
	EndGlobalSection
	GlobalSection(ProjectConfigurationPlatforms) = postSolution
		{B5FA7D18-26C6-41F0-B415-4F31E33C2197}.Debug|Any CPU.ActiveCfg = Debug|Any CPU
		{B5FA7D18-26C6-41F0-B415-4F31E33C2197}.Debug|Any CPU.Build.0 = Debug|Any CPU
		{B5FA7D18-26C6-41F0-B415-4F31E33C2197}.Release|Any CPU.ActiveCfg = Release|Any CPU
		{B5FA7D18-26C6-41F0-B415-4F31E33C2197}.Release|Any CPU.Build.0 = Release|Any CPU
	EndGlobalSection
	GlobalSection(SolutionProperties) = preSolution
		HideSolutionNode = FALSE
	EndGlobalSection
	GlobalSection(ExtensibilityGlobals) = postSolution
		SolutionGuid = {68A6A58C-D614-4202-9630-44C3321FC8F8}
	EndGlobalSection
EndGlobal
